PODS:
  - camera_avfoundation (0.0.1):
    - Flutter
  - Flutter (1.0.0)
  - gal (1.0.0):
    - Flutter
    - FlutterMacOS
  - image_picker_ios (0.0.1):
    - Flutter
  - permission_handler_apple (9.3.0):
    - Flutter
  - photo_manager (3.9.0):
    - Flutter
    - FlutterMacOS
  - ultralytics_yolo (0.0.4):
    - Flutter

DEPENDENCIES:
  - camera_avfoundation (from `.symlinks/plugins/camera_avfoundation/ios`)
  - Flutter (from `Flutter`)
  - gal (from `.symlinks/plugins/gal/darwin`)
  - image_picker_ios (from `.symlinks/plugins/image_picker_ios/ios`)
  - permission_handler_apple (from `.symlinks/plugins/permission_handler_apple/ios`)
  - photo_manager (from `.symlinks/plugins/photo_manager/darwin`)
  - ultralytics_yolo (from `.symlinks/plugins/ultralytics_yolo/ios`)

EXTERNAL SOURCES:
  camera_avfoundation:
    :path: ".symlinks/plugins/camera_avfoundation/ios"
  Flutter:
    :path: Flutter
  gal:
    :path: ".symlinks/plugins/gal/darwin"
  image_picker_ios:
    :path: ".symlinks/plugins/image_picker_ios/ios"
  permission_handler_apple:
    :path: ".symlinks/plugins/permission_handler_apple/ios"
  photo_manager:
    :path: ".symlinks/plugins/photo_manager/darwin"
  ultralytics_yolo:
    :path: ".symlinks/plugins/ultralytics_yolo/ios"

SPEC CHECKSUMS:
  camera_avfoundation: 5675ca25298b6f81fa0a325188e7df62cc217741
  Flutter: cabc95a1d2626b1b06e7179b784ebcf0c0cde467
  gal: baecd024ebfd13c441269ca7404792a7152fde89
  image_picker_ios: e0ece4aa2a75771a7de3fa735d26d90817041326
  permission_handler_apple: 4ed2196e43d0651e8ff7ca3483a069d469701f2d
  photo_manager: 25fd77df14f4f0ba5ef99e2c61814dde77e2bceb
  ultralytics_yolo: 650ea1417a5b3ef9b1acc55e6edef5385018d3b5

PODFILE CHECKSUM: 3c63482e143d1b91d2d2560aee9fb04ecc74ac7e

COCOAPODS: 1.16.2
